// !$*UTF8*$!
{
	archiveVersion = 1;
	classes = {
	};
	objectVersion = 46;
	objects = {

/* Begin PBXBuildFile section */
		B22409021F05C3B900D24CC8 /* AppDelegate.swift in Sources */ = {isa = PBXBuildFile; fileRef = B22409011F05C3B900D24CC8 /* AppDelegate.swift */; };
		B22409041F05C3B900D24CC8 /* ViewController.swift in Sources */ = {isa = PBXBuildFile; fileRef = B22409031F05C3B900D24CC8 /* ViewController.swift */; };
		B22409071F05C3B900D24CC8 /* Main.storyboard in Resources */ = {isa = PBXBuildFile; fileRef = B22409051F05C3B900D24CC8 /* Main.storyboard */; };
		B22409091F05C3B900D24CC8 /* Assets.xcassets in Resources */ = {isa = PBXBuildFile; fileRef = B22409081F05C3B900D24CC8 /* Assets.xcassets */; };
		B224090C1F05C3B900D24CC8 /* LaunchScreen.storyboard in Resources */ = {isa = PBXBuildFile; fileRef = B224090A1F05C3B900D24CC8 /* LaunchScreen.storyboard */; };
		B22409171F05C3B900D24CC8 /* OnTheMapTests.swift in Sources */ = {isa = PBXBuildFile; fileRef = B22409161F05C3B900D24CC8 /* OnTheMapTests.swift */; };
		B22409271F05C48E00D24CC8 /* HttpClient.swift in Sources */ = {isa = PBXBuildFile; fileRef = B22409261F05C48E00D24CC8 /* HttpClient.swift */; };
		B22409291F05C4F000D24CC8 /* APIProtocol.swift in Sources */ = {isa = PBXBuildFile; fileRef = B22409281F05C4F000D24CC8 /* APIProtocol.swift */; };
		B224092B1F05C73C00D24CC8 /* Result.swift in Sources */ = {isa = PBXBuildFile; fileRef = B224092A1F05C73C00D24CC8 /* Result.swift */; };
		B224092D1F05D04400D24CC8 /* ParseAPI.swift in Sources */ = {isa = PBXBuildFile; fileRef = B224092C1F05D04400D24CC8 /* ParseAPI.swift */; };
		B2AA97631F0EF7A600352E82 /* UserData.swift in Sources */ = {isa = PBXBuildFile; fileRef = B2AA97621F0EF7A600352E82 /* UserData.swift */; };
		B2E5E0921F0DB6E30093863F /* StudentLocation.swift in Sources */ = {isa = PBXBuildFile; fileRef = B2E5E0911F0DB6E30093863F /* StudentLocation.swift */; };
		B2E5E0961F0DBE990093863F /* UdacityAPI.swift in Sources */ = {isa = PBXBuildFile; fileRef = B2E5E0951F0DBE990093863F /* UdacityAPI.swift */; };
/* End PBXBuildFile section */

/* Begin PBXContainerItemProxy section */
		B22409131F05C3B900D24CC8 /* PBXContainerItemProxy */ = {
			isa = PBXContainerItemProxy;
			containerPortal = B22408F61F05C3B900D24CC8 /* Project object */;
			proxyType = 1;
			remoteGlobalIDString = B22408FD1F05C3B900D24CC8;
			remoteInfo = OnTheMap;
		};
/* End PBXContainerItemProxy section */

/* Begin PBXFileReference section */
		B22408FE1F05C3B900D24CC8 /* OnTheMap.app */ = {isa = PBXFileReference; explicitFileType = wrapper.application; includeInIndex = 0; path = OnTheMap.app; sourceTree = BUILT_PRODUCTS_DIR; };
		B22409011F05C3B900D24CC8 /* AppDelegate.swift */ = {isa = PBXFileReference; lastKnownFileType = sourcecode.swift; path = AppDelegate.swift; sourceTree = "<group>"; };
		B22409031F05C3B900D24CC8 /* ViewController.swift */ = {isa = PBXFileReference; lastKnownFileType = sourcecode.swift; name = ViewController.swift; path = ../ViewController.swift; sourceTree = "<group>"; };
		B22409061F05C3B900D24CC8 /* Base */ = {isa = PBXFileReference; lastKnownFileType = file.storyboard; name = Base; path = Base.lproj/Main.storyboard; sourceTree = "<group>"; };
		B22409081F05C3B900D24CC8 /* Assets.xcassets */ = {isa = PBXFileReference; lastKnownFileType = folder.assetcatalog; path = Assets.xcassets; sourceTree = "<group>"; };
		B224090B1F05C3B900D24CC8 /* Base */ = {isa = PBXFileReference; lastKnownFileType = file.storyboard; name = Base; path = Base.lproj/LaunchScreen.storyboard; sourceTree = "<group>"; };
		B224090D1F05C3B900D24CC8 /* Info.plist */ = {isa = PBXFileReference; lastKnownFileType = text.plist.xml; path = Info.plist; sourceTree = "<group>"; };
		B22409121F05C3B900D24CC8 /* OnTheMapTests.xctest */ = {isa = PBXFileReference; explicitFileType = wrapper.cfbundle; includeInIndex = 0; path = OnTheMapTests.xctest; sourceTree = BUILT_PRODUCTS_DIR; };
		B22409161F05C3B900D24CC8 /* OnTheMapTests.swift */ = {isa = PBXFileReference; lastKnownFileType = sourcecode.swift; path = OnTheMapTests.swift; sourceTree = "<group>"; };
		B22409181F05C3B900D24CC8 /* Info.plist */ = {isa = PBXFileReference; lastKnownFileType = text.plist.xml; path = Info.plist; sourceTree = "<group>"; };
		B22409261F05C48E00D24CC8 /* HttpClient.swift */ = {isa = PBXFileReference; fileEncoding = 4; lastKnownFileType = sourcecode.swift; path = HttpClient.swift; sourceTree = "<group>"; };
		B22409281F05C4F000D24CC8 /* APIProtocol.swift */ = {isa = PBXFileReference; fileEncoding = 4; lastKnownFileType = sourcecode.swift; path = APIProtocol.swift; sourceTree = "<group>"; };
		B224092A1F05C73C00D24CC8 /* Result.swift */ = {isa = PBXFileReference; fileEncoding = 4; lastKnownFileType = sourcecode.swift; path = Result.swift; sourceTree = "<group>"; };
		B224092C1F05D04400D24CC8 /* ParseAPI.swift */ = {isa = PBXFileReference; fileEncoding = 4; lastKnownFileType = sourcecode.swift; path = ParseAPI.swift; sourceTree = "<group>"; };
		B2AA97621F0EF7A600352E82 /* UserData.swift */ = {isa = PBXFileReference; fileEncoding = 4; lastKnownFileType = sourcecode.swift; path = UserData.swift; sourceTree = "<group>"; };
		B2E5E0911F0DB6E30093863F /* StudentLocation.swift */ = {isa = PBXFileReference; fileEncoding = 4; lastKnownFileType = sourcecode.swift; path = StudentLocation.swift; sourceTree = "<group>"; };
		B2E5E0951F0DBE990093863F /* UdacityAPI.swift */ = {isa = PBXFileReference; fileEncoding = 4; lastKnownFileType = sourcecode.swift; path = UdacityAPI.swift; sourceTree = "<group>"; };
/* End PBXFileReference section */

/* Begin PBXFrameworksBuildPhase section */
		B22408FB1F05C3B900D24CC8 /* Frameworks */ = {
			isa = PBXFrameworksBuildPhase;
			buildActionMask = 2147483647;
			files = (
			);
			runOnlyForDeploymentPostprocessing = 0;
		};
		B224090F1F05C3B900D24CC8 /* Frameworks */ = {
			isa = PBXFrameworksBuildPhase;
			buildActionMask = 2147483647;
			files = (
			);
			runOnlyForDeploymentPostprocessing = 0;
		};
/* End PBXFrameworksBuildPhase section */

/* Begin PBXGroup section */
		B22408F51F05C3B900D24CC8 = {
			isa = PBXGroup;
			children = (
				B22409001F05C3B900D24CC8 /* OnTheMap */,
				B22409151F05C3B900D24CC8 /* OnTheMapTests */,
				B22408FF1F05C3B900D24CC8 /* Products */,
			);
			sourceTree = "<group>";
		};
		B22408FF1F05C3B900D24CC8 /* Products */ = {
			isa = PBXGroup;
			children = (
				B22408FE1F05C3B900D24CC8 /* OnTheMap.app */,
				B22409121F05C3B900D24CC8 /* OnTheMapTests.xctest */,
			);
			name = Products;
			sourceTree = "<group>";
		};
		B22409001F05C3B900D24CC8 /* OnTheMap */ = {
			isa = PBXGroup;
			children = (
				B22409051F05C3B900D24CC8 /* Main.storyboard */,
				B22409211F05C40100D24CC8 /* Models */,
				B22409221F05C41600D24CC8 /* Views */,
				B22409231F05C43400D24CC8 /* ViewControllers */,
				B22409241F05C44900D24CC8 /* Utils */,
				B22409251F05C45F00D24CC8 /* Support Files */,
			);
			path = OnTheMap;
			sourceTree = "<group>";
		};
		B22409151F05C3B900D24CC8 /* OnTheMapTests */ = {
			isa = PBXGroup;
			children = (
				B22409161F05C3B900D24CC8 /* OnTheMapTests.swift */,
				B22409181F05C3B900D24CC8 /* Info.plist */,
			);
			path = OnTheMapTests;
			sourceTree = "<group>";
		};
		B22409211F05C40100D24CC8 /* Models */ = {
			isa = PBXGroup;
			children = (
				B2E5E0911F0DB6E30093863F /* StudentLocation.swift */,
				B2AA97621F0EF7A600352E82 /* UserData.swift */,
			);
			path = Models;
			sourceTree = "<group>";
		};
		B22409221F05C41600D24CC8 /* Views */ = {
			isa = PBXGroup;
			children = (
			);
			path = Views;
			sourceTree = "<group>";
		};
		B22409231F05C43400D24CC8 /* ViewControllers */ = {
			isa = PBXGroup;
			children = (
				B22409031F05C3B900D24CC8 /* ViewController.swift */,
			);
			path = ViewControllers;
			sourceTree = "<group>";
		};
		B22409241F05C44900D24CC8 /* Utils */ = {
			isa = PBXGroup;
			children = (
				B22409261F05C48E00D24CC8 /* HttpClient.swift */,
				B22409281F05C4F000D24CC8 /* APIProtocol.swift */,
				B224092C1F05D04400D24CC8 /* ParseAPI.swift */,
				B2E5E0951F0DBE990093863F /* UdacityAPI.swift */,
				B224092A1F05C73C00D24CC8 /* Result.swift */,
			);
			path = Utils;
			sourceTree = "<group>";
		};
		B22409251F05C45F00D24CC8 /* Support Files */ = {
			isa = PBXGroup;
			children = (
				B22409011F05C3B900D24CC8 /* AppDelegate.swift */,
				B22409081F05C3B900D24CC8 /* Assets.xcassets */,
				B224090A1F05C3B900D24CC8 /* LaunchScreen.storyboard */,
				B224090D1F05C3B900D24CC8 /* Info.plist */,
			);
			name = "Support Files";
			sourceTree = "<group>";
		};
/* End PBXGroup section */

/* Begin PBXNativeTarget section */
		B22408FD1F05C3B900D24CC8 /* OnTheMap */ = {
			isa = PBXNativeTarget;
			buildConfigurationList = B224091B1F05C3B900D24CC8 /* Build configuration list for PBXNativeTarget "OnTheMap" */;
			buildPhases = (
				B22408FA1F05C3B900D24CC8 /* Sources */,
				B22408FB1F05C3B900D24CC8 /* Frameworks */,
				B22408FC1F05C3B900D24CC8 /* Resources */,
			);
			buildRules = (
			);
			dependencies = (
			);
			name = OnTheMap;
			productName = OnTheMap;
			productReference = B22408FE1F05C3B900D24CC8 /* OnTheMap.app */;
			productType = "com.apple.product-type.application";
		};
		B22409111F05C3B900D24CC8 /* OnTheMapTests */ = {
			isa = PBXNativeTarget;
			buildConfigurationList = B224091E1F05C3B900D24CC8 /* Build configuration list for PBXNativeTarget "OnTheMapTests" */;
			buildPhases = (
				B224090E1F05C3B900D24CC8 /* Sources */,
				B224090F1F05C3B900D24CC8 /* Frameworks */,
				B22409101F05C3B900D24CC8 /* Resources */,
			);
			buildRules = (
			);
			dependencies = (
				B22409141F05C3B900D24CC8 /* PBXTargetDependency */,
			);
			name = OnTheMapTests;
			productName = OnTheMapTests;
			productReference = B22409121F05C3B900D24CC8 /* OnTheMapTests.xctest */;
			productType = "com.apple.product-type.bundle.unit-test";
		};
/* End PBXNativeTarget section */

/* Begin PBXProject section */
		B22408F61F05C3B900D24CC8 /* Project object */ = {
			isa = PBXProject;
			attributes = {
				LastSwiftUpdateCheck = 0830;
				LastUpgradeCheck = 0830;
				ORGANIZATIONNAME = "Boxuan hang";
				TargetAttributes = {
					B22408FD1F05C3B900D24CC8 = {
						CreatedOnToolsVersion = 8.3.3;
						DevelopmentTeam = F6ANNS7CW7;
						ProvisioningStyle = Automatic;
					};
					B22409111F05C3B900D24CC8 = {
						CreatedOnToolsVersion = 8.3.3;
						DevelopmentTeam = F6ANNS7CW7;
						ProvisioningStyle = Automatic;
						TestTargetID = B22408FD1F05C3B900D24CC8;
					};
				};
			};
			buildConfigurationList = B22408F91F05C3B900D24CC8 /* Build configuration list for PBXProject "OnTheMap" */;
			compatibilityVersion = "Xcode 3.2";
			developmentRegion = English;
			hasScannedForEncodings = 0;
			knownRegions = (
				en,
				Base,
			);
			mainGroup = B22408F51F05C3B900D24CC8;
			productRefGroup = B22408FF1F05C3B900D24CC8 /* Products */;
			projectDirPath = "";
			projectRoot = "";
			targets = (
				B22408FD1F05C3B900D24CC8 /* OnTheMap */,
				B22409111F05C3B900D24CC8 /* OnTheMapTests */,
			);
		};
/* End PBXProject section */

/* Begin PBXResourcesBuildPhase section */
		B22408FC1F05C3B900D24CC8 /* Resources */ = {
			isa = PBXResourcesBuildPhase;
			buildActionMask = 2147483647;
			files = (
				B224090C1F05C3B900D24CC8 /* LaunchScreen.storyboard in Resources */,
				B22409091F05C3B900D24CC8 /* Assets.xcassets in Resources */,
				B22409071F05C3B900D24CC8 /* Main.storyboard in Resources */,
			);
			runOnlyForDeploymentPostprocessing = 0;
		};
		B22409101F05C3B900D24CC8 /* Resources */ = {
			isa = PBXResourcesBuildPhase;
			buildActionMask = 2147483647;
			files = (
			);
			runOnlyForDeploymentPostprocessing = 0;
		};
/* End PBXResourcesBuildPhase section */

/* Begin PBXSourcesBuildPhase section */
		B22408FA1F05C3B900D24CC8 /* Sources */ = {
			isa = PBXSourcesBuildPhase;
			buildActionMask = 2147483647;
			files = (
				B2E5E0961F0DBE990093863F /* UdacityAPI.swift in Sources */,
				B22409291F05C4F000D24CC8 /* APIProtocol.swift in Sources */,
				B224092B1F05C73C00D24CC8 /* Result.swift in Sources */,
				B2AA97631F0EF7A600352E82 /* UserData.swift in Sources */,
				B2E5E0921F0DB6E30093863F /* StudentLocation.swift in Sources */,
				B22409041F05C3B900D24CC8 /* ViewController.swift in Sources */,
				B22409271F05C48E00D24CC8 /* HttpClient.swift in Sources */,
				B224092D1F05D04400D24CC8 /* ParseAPI.swift in Sources */,
				B22409021F05C3B900D24CC8 /* AppDelegate.swift in Sources */,
			);
			runOnlyForDeploymentPostprocessing = 0;
		};
		B224090E1F05C3B900D24CC8 /* Sources */ = {
			isa = PBXSourcesBuildPhase;
			buildActionMask = 2147483647;
			files = (
				B22409171F05C3B900D24CC8 /* OnTheMapTests.swift in Sources */,
			);
			runOnlyForDeploymentPostprocessing = 0;
		};
/* End PBXSourcesBuildPhase section */

/* Begin PBXTargetDependency section */
		B22409141F05C3B900D24CC8 /* PBXTargetDependency */ = {
			isa = PBXTargetDependency;
			target = B22408FD1F05C3B900D24CC8 /* OnTheMap */;
			targetProxy = B22409131F05C3B900D24CC8 /* PBXContainerItemProxy */;
		};
/* End PBXTargetDependency section */

/* Begin PBXVariantGroup section */
		B22409051F05C3B900D24CC8 /* Main.storyboard */ = {
			isa = PBXVariantGroup;
			children = (
				B22409061F05C3B900D24CC8 /* Base */,
			);
			name = Main.storyboard;
			sourceTree = "<group>";
		};
		B224090A1F05C3B900D24CC8 /* LaunchScreen.storyboard */ = {
			isa = PBXVariantGroup;
			children = (
				B224090B1F05C3B900D24CC8 /* Base */,
			);
			name = LaunchScreen.storyboard;
			sourceTree = "<group>";
		};
/* End PBXVariantGroup section */

/* Begin XCBuildConfiguration section */
		B22409191F05C3B900D24CC8 /* Debug */ = {
			isa = XCBuildConfiguration;
			buildSettings = {
				ALWAYS_SEARCH_USER_PATHS = NO;
				CLANG_ANALYZER_NONNULL = YES;
				CLANG_ANALYZER_NUMBER_OBJECT_CONVERSION = YES_AGGRESSIVE;
				CLANG_CXX_LANGUAGE_STANDARD = "gnu++0x";
				CLANG_CXX_LIBRARY = "libc++";
				CLANG_ENABLE_MODULES = YES;
				CLANG_ENABLE_OBJC_ARC = YES;
				CLANG_WARN_BOOL_CONVERSION = YES;
				CLANG_WARN_CONSTANT_CONVERSION = YES;
				CLANG_WARN_DIRECT_OBJC_ISA_USAGE = YES_ERROR;
				CLANG_WARN_DOCUMENTATION_COMMENTS = YES;
				CLANG_WARN_EMPTY_BODY = YES;
				CLANG_WARN_ENUM_CONVERSION = YES;
				CLANG_WARN_INFINITE_RECURSION = YES;
				CLANG_WARN_INT_CONVERSION = YES;
				CLANG_WARN_OBJC_ROOT_CLASS = YES_ERROR;
				CLANG_WARN_SUSPICIOUS_MOVE = YES;
				CLANG_WARN_UNREACHABLE_CODE = YES;
				CLANG_WARN__DUPLICATE_METHOD_MATCH = YES;
				"CODE_SIGN_IDENTITY[sdk=iphoneos*]" = "iPhone Developer";
				COPY_PHASE_STRIP = NO;
				DEBUG_INFORMATION_FORMAT = dwarf;
				ENABLE_STRICT_OBJC_MSGSEND = YES;
				ENABLE_TESTABILITY = YES;
				GCC_C_LANGUAGE_STANDARD = gnu99;
				GCC_DYNAMIC_NO_PIC = NO;
				GCC_NO_COMMON_BLOCKS = YES;
				GCC_OPTIMIZATION_LEVEL = 0;
				GCC_PREPROCESSOR_DEFINITIONS = (
					"DEBUG=1",
					"$(inherited)",
				);
				GCC_WARN_64_TO_32_BIT_CONVERSION = YES;
				GCC_WARN_ABOUT_RETURN_TYPE = YES_ERROR;
				GCC_WARN_UNDECLARED_SELECTOR = YES;
				GCC_WARN_UNINITIALIZED_AUTOS = YES_AGGRESSIVE;
				GCC_WARN_UNUSED_FUNCTION = YES;
				GCC_WARN_UNUSED_VARIABLE = YES;
				IPHONEOS_DEPLOYMENT_TARGET = 10.3;
				MTL_ENABLE_DEBUG_INFO = YES;
				ONLY_ACTIVE_ARCH = YES;
				SDKROOT = iphoneos;
				SWIFT_ACTIVE_COMPILATION_CONDITIONS = DEBUG;
				SWIFT_OPTIMIZATION_LEVEL = "-Onone";
				TARGETED_DEVICE_FAMILY = "1,2";
			};
			name = Debug;
		};
		B224091A1F05C3B900D24CC8 /* Release */ = {
			isa = XCBuildConfiguration;
			buildSettings = {
				ALWAYS_SEARCH_USER_PATHS = NO;
				CLANG_ANALYZER_NONNULL = YES;
				CLANG_ANALYZER_NUMBER_OBJECT_CONVERSION = YES_AGGRESSIVE;
				CLANG_CXX_LANGUAGE_STANDARD = "gnu++0x";
				CLANG_CXX_LIBRARY = "libc++";
				CLANG_ENABLE_MODULES = YES;
				CLANG_ENABLE_OBJC_ARC = YES;
				CLANG_WARN_BOOL_CONVERSION = YES;
				CLANG_WARN_CONSTANT_CONVERSION = YES;
				CLANG_WARN_DIRECT_OBJC_ISA_USAGE = YES_ERROR;
				CLANG_WARN_DOCUMENTATION_COMMENTS = YES;
				CLANG_WARN_EMPTY_BODY = YES;
				CLANG_WARN_ENUM_CONVERSION = YES;
				CLANG_WARN_INFINITE_RECURSION = YES;
				CLANG_WARN_INT_CONVERSION = YES;
				CLANG_WARN_OBJC_ROOT_CLASS = YES_ERROR;
				CLANG_WARN_SUSPICIOUS_MOVE = YES;
				CLANG_WARN_UNREACHABLE_CODE = YES;
				CLANG_WARN__DUPLICATE_METHOD_MATCH = YES;
				"CODE_SIGN_IDENTITY[sdk=iphoneos*]" = "iPhone Developer";
				COPY_PHASE_STRIP = NO;
				DEBUG_INFORMATION_FORMAT = "dwarf-with-dsym";
				ENABLE_NS_ASSERTIONS = NO;
				ENABLE_STRICT_OBJC_MSGSEND = YES;
				GCC_C_LANGUAGE_STANDARD = gnu99;
				GCC_NO_COMMON_BLOCKS = YES;
				GCC_WARN_64_TO_32_BIT_CONVERSION = YES;
				GCC_WARN_ABOUT_RETURN_TYPE = YES_ERROR;
				GCC_WARN_UNDECLARED_SELECTOR = YES;
				GCC_WARN_UNINITIALIZED_AUTOS = YES_AGGRESSIVE;
				GCC_WARN_UNUSED_FUNCTION = YES;
				GCC_WARN_UNUSED_VARIABLE = YES;
				IPHONEOS_DEPLOYMENT_TARGET = 10.3;
				MTL_ENABLE_DEBUG_INFO = NO;
				SDKROOT = iphoneos;
				SWIFT_OPTIMIZATION_LEVEL = "-Owholemodule";
				TARGETED_DEVICE_FAMILY = "1,2";
				VALIDATE_PRODUCT = YES;
			};
			name = Release;
		};
		B224091C1F05C3B900D24CC8 /* Debug */ = {
			isa = XCBuildConfiguration;
			buildSettings = {
				ASSETCATALOG_COMPILER_APPICON_NAME = AppIcon;
				DEVELOPMENT_TEAM = F6ANNS7CW7;
				INFOPLIST_FILE = OnTheMap/Info.plist;
				LD_RUNPATH_SEARCH_PATHS = "$(inherited) @executable_path/Frameworks";
				PRODUCT_BUNDLE_IDENTIFIER = me.boxuanzhang.OnTheMap;
				PRODUCT_NAME = "$(TARGET_NAME)";
				SWIFT_VERSION = 3.0;
			};
			name = Debug;
		};
		B224091D1F05C3B900D24CC8 /* Release */ = {
			isa = XCBuildConfiguration;
			buildSettings = {
				ASSETCATALOG_COMPILER_APPICON_NAME = AppIcon;
				DEVELOPMENT_TEAM = F6ANNS7CW7;
				INFOPLIST_FILE = OnTheMap/Info.plist;
				LD_RUNPATH_SEARCH_PATHS = "$(inherited) @executable_path/Frameworks";
				PRODUCT_BUNDLE_IDENTIFIER = me.boxuanzhang.OnTheMap;
				PRODUCT_NAME = "$(TARGET_NAME)";
				SWIFT_VERSION = 3.0;
			};
			name = Release;
		};
		B224091F1F05C3B900D24CC8 /* Debug */ = {
			isa = XCBuildConfiguration;
			buildSettings = {
				ALWAYS_EMBED_SWIFT_STANDARD_LIBRARIES = YES;
				BUNDLE_LOADER = "$(TEST_HOST)";
				DEVELOPMENT_TEAM = F6ANNS7CW7;
				INFOPLIST_FILE = OnTheMapTests/Info.plist;
				LD_RUNPATH_SEARCH_PATHS = "$(inherited) @executable_path/Frameworks @loader_path/Frameworks";
				PRODUCT_BUNDLE_IDENTIFIER = me.boxuanzhang.OnTheMapTests;
				PRODUCT_NAME = "$(TARGET_NAME)";
				SWIFT_VERSION = 3.0;
				TEST_HOST = "$(BUILT_PRODUCTS_DIR)/OnTheMap.app/OnTheMap";
			};
			name = Debug;
		};
		B22409201F05C3B900D24CC8 /* Release */ = {
			isa = XCBuildConfiguration;
			buildSettings = {
				ALWAYS_EMBED_SWIFT_STANDARD_LIBRARIES = YES;
				BUNDLE_LOADER = "$(TEST_HOST)";
				DEVELOPMENT_TEAM = F6ANNS7CW7;
				INFOPLIST_FILE = OnTheMapTests/Info.plist;
				LD_RUNPATH_SEARCH_PATHS = "$(inherited) @executable_path/Frameworks @loader_path/Frameworks";
				PRODUCT_BUNDLE_IDENTIFIER = me.boxuanzhang.OnTheMapTests;
				PRODUCT_NAME = "$(TARGET_NAME)";
				SWIFT_VERSION = 3.0;
				TEST_HOST = "$(BUILT_PRODUCTS_DIR)/OnTheMap.app/OnTheMap";
			};
			name = Release;
		};
/* End XCBuildConfiguration section */

/* Begin XCConfigurationList section */
		B22408F91F05C3B900D24CC8 /* Build configuration list for PBXProject "OnTheMap" */ = {
			isa = XCConfigurationList;
			buildConfigurations = (
				B22409191F05C3B900D24CC8 /* Debug */,
				B224091A1F05C3B900D24CC8 /* Release */,
			);
			defaultConfigurationIsVisible = 0;
			defaultConfigurationName = Release;
		};
		B224091B1F05C3B900D24CC8 /* Build configuration list for PBXNativeTarget "OnTheMap" */ = {
			isa = XCConfigurationList;
			buildConfigurations = (
				B224091C1F05C3B900D24CC8 /* Debug */,
				B224091D1F05C3B900D24CC8 /* Release */,
			);
			defaultConfigurationIsVisible = 0;
			defaultConfigurationName = Release;
		};
		B224091E1F05C3B900D24CC8 /* Build configuration list for PBXNativeTarget "OnTheMapTests" */ = {
			isa = XCConfigurationList;
			buildConfigurations = (
				B224091F1F05C3B900D24CC8 /* Debug */,
				B22409201F05C3B900D24CC8 /* Release */,
			);
			defaultConfigurationIsVisible = 0;
			defaultConfigurationName = Release;
		};
/* End XCConfigurationList section */
	};
	rootObject = B22408F61F05C3B900D24CC8 /* Project object */;
}
